
Microsoft Visual Studio Solution File, Format Version 12.00
# Visual Studio 2013
VisualStudioVersion = 12.0.30501.0
MinimumVisualStudioVersion = 10.0.40219.1
Project("{FAE04EC0-301F-11D3-BF4B-00C04F79EFBC}") = "BareboneFramework", "BareboneFramework\BareboneFramework.csproj", "{0815EE37-21F9-464A-93EF-69F3C1030292}"
EndProject
Project("{FAE04EC0-301F-11D3-BF4B-00C04F79EFBC}") = "Base.Infrastructure", "Base.Infrastructure\Base.Infrastructure.csproj", "{F8A6EAAA-63A9-4F02-A92D-E6FBDBA565A8}"
EndProject
Global
	GlobalSection(SolutionConfigurationPlatforms) = preSolution
		Debug|Any CPU = Debug|Any CPU
		Release|Any CPU = Release|Any CPU
	EndGlobalSection
	GlobalSection(ProjectConfigurationPlatforms) = postSolution
		{0815EE37-21F9-464A-93EF-69F3C1030292}.Debug|Any CPU.ActiveCfg = Debug|Any CPU
		{0815EE37-21F9-464A-93EF-69F3C1030292}.Debug|Any CPU.Build.0 = Debug|Any CPU
		{0815EE37-21F9-464A-93EF-69F3C1030292}.Release|Any CPU.ActiveCfg = Release|Any CPU
		{0815EE37-21F9-464A-93EF-69F3C1030292}.Release|Any CPU.Build.0 = Release|Any CPU
		{F8A6EAAA-63A9-4F02-A92D-E6FBDBA565A8}.Debug|Any CPU.ActiveCfg = Debug|Any CPU
		{F8A6EAAA-63A9-4F02-A92D-E6FBDBA565A8}.Debug|Any CPU.Build.0 = Debug|Any CPU
		{F8A6EAAA-63A9-4F02-A92D-E6FBDBA565A8}.Release|Any CPU.ActiveCfg = Release|Any CPU
		{F8A6EAAA-63A9-4F02-A92D-E6FBDBA565A8}.Release|Any CPU.Build.0 = Release|Any CPU
	EndGlobalSection
	GlobalSection(SolutionProperties) = preSolution
		HideSolutionNode = FALSE
	EndGlobalSection
EndGlobal
